github.com/jacobsa/fuse v0.0.0-20250228153609-219b4762b40e h1:1k0eO4yveJsWQDzjA7YbnqDfT631ld5wGfr9uPN15N0=
github.com/jacobsa/fuse v0.0.0-20250228153609-219b4762b40e/go.mod h1:JYi9iIxdYNgxmMgLwtSHO/hmVnP2kfX1oc+mtx+XWLA=
github.com/jacobsa/oglematchers v0.0.0-20150720000706-141901ea67cd h1:9GCSedGjMcLZCrusBZuo4tyKLpKUPenUUqi34AkuFmA=
github.com/jacobsa/oglematchers v0.0.0-20150720000706-141901ea67cd/go.mod h1:TlmyIZDpGmwRoTWiakdr+HA1Tukze6C6XbRVidYq02M=
github.com/jacobsa/timeutil v0.0.0-20170205232429-577e5acbbcf6 h1:XKHJmHcgU9glxk3eLPiRZT5VFSHJitVTnMj/EgIoXC4=
github.com/jacobsa/timeutil v0.0.0-20170205232429-577e5acbbcf6/go.mod h1:JEWKD6V8xETMW+DEv+IQVz++f8Cn8O/X0HPeDY3qNis=
golang.org/x/sys v0.18.0 h1:DBdB3niSjOA/O0blCZBqDefyWNYveAYMNF1Wum0DYQ4=
golang.org/x/sys v0.18.0/go.mod h1:/VUhepiaJMQUp4+oa/7Zr1D23ma6VTLIYjOOTFZPUcA=
